
Microsoft Visual Studio Solution File, Format Version 12.00
# Visual Studio Version 16
VisualStudioVersion = 16.0.30804.86
MinimumVisualStudioVersion = 10.0.40219.1
Project("{FAE04EC0-301F-11D3-BF4B-00C04F79EFBC}") = "Lists - Exercise", "Lists - Exercise\Lists - Exercise.csproj", "{206BC6A4-C0CA-4E64-80C8-71EADAAF1AAA}"
EndProject
Global
	GlobalSection(SolutionConfigurationPlatforms) = preSolution
		Debug|Any CPU = Debug|Any CPU
		Release|Any CPU = Release|Any CPU
	EndGlobalSection
	GlobalSection(ProjectConfigurationPlatforms) = postSolution
		{206BC6A4-C0CA-4E64-80C8-71EADAAF1AAA}.Debug|Any CPU.ActiveCfg = Debug|Any CPU
		{206BC6A4-C0CA-4E64-80C8-71EADAAF1AAA}.Debug|Any CPU.Build.0 = Debug|Any CPU
		{206BC6A4-C0CA-4E64-80C8-71EADAAF1AAA}.Release|Any CPU.ActiveCfg = Release|Any CPU
		{206BC6A4-C0CA-4E64-80C8-71EADAAF1AAA}.Release|Any CPU.Build.0 = Release|Any CPU
	EndGlobalSection
	GlobalSection(SolutionProperties) = preSolution
		HideSolutionNode = FALSE
	EndGlobalSection
	GlobalSection(ExtensibilityGlobals) = postSolution
		SolutionGuid = {AA563726-F234-4F4C-A858-0C77DBD12A41}
	EndGlobalSection
EndGlobal
