
Microsoft Visual Studio Solution File, Format Version 12.00
# Visual Studio Version 16
VisualStudioVersion = 16.0.30804.86
MinimumVisualStudioVersion = 10.0.40219.1
Project("{FAE04EC0-301F-11D3-BF4B-00C04F79EFBC}") = "For Loop - Exercise", "For Loop - Exercise\For Loop - Exercise.csproj", "{0CB2CD81-5EB6-48E6-8BD2-7D9F3E423F55}"
EndProject
Global
	GlobalSection(SolutionConfigurationPlatforms) = preSolution
		Debug|Any CPU = Debug|Any CPU
		Release|Any CPU = Release|Any CPU
	EndGlobalSection
	GlobalSection(ProjectConfigurationPlatforms) = postSolution
		{0CB2CD81-5EB6-48E6-8BD2-7D9F3E423F55}.Debug|Any CPU.ActiveCfg = Debug|Any CPU
		{0CB2CD81-5EB6-48E6-8BD2-7D9F3E423F55}.Debug|Any CPU.Build.0 = Debug|Any CPU
		{0CB2CD81-5EB6-48E6-8BD2-7D9F3E423F55}.Release|Any CPU.ActiveCfg = Release|Any CPU
		{0CB2CD81-5EB6-48E6-8BD2-7D9F3E423F55}.Release|Any CPU.Build.0 = Release|Any CPU
	EndGlobalSection
	GlobalSection(SolutionProperties) = preSolution
		HideSolutionNode = FALSE
	EndGlobalSection
	GlobalSection(ExtensibilityGlobals) = postSolution
		SolutionGuid = {7333EFDD-D67F-402A-961C-CA9A6A7886C1}
	EndGlobalSection
EndGlobal
