
Microsoft Visual Studio Solution File, Format Version 12.00
# Visual Studio Version 16
VisualStudioVersion = 16.0.31605.320
MinimumVisualStudioVersion = 10.0.40219.1
Project("{FAE04EC0-301F-11D3-BF4B-00C04F79EFBC}") = "CSharp Advanced Exam", "CSharp Advanced Exam\CSharp Advanced Exam.csproj", "{0577EB59-5D5C-4EBF-8302-B0F35E5FE431}"
EndProject
Global
	GlobalSection(SolutionConfigurationPlatforms) = preSolution
		Debug|Any CPU = Debug|Any CPU
		Release|Any CPU = Release|Any CPU
	EndGlobalSection
	GlobalSection(ProjectConfigurationPlatforms) = postSolution
		{0577EB59-5D5C-4EBF-8302-B0F35E5FE431}.Debug|Any CPU.ActiveCfg = Debug|Any CPU
		{0577EB59-5D5C-4EBF-8302-B0F35E5FE431}.Debug|Any CPU.Build.0 = Debug|Any CPU
		{0577EB59-5D5C-4EBF-8302-B0F35E5FE431}.Release|Any CPU.ActiveCfg = Release|Any CPU
		{0577EB59-5D5C-4EBF-8302-B0F35E5FE431}.Release|Any CPU.Build.0 = Release|Any CPU
	EndGlobalSection
	GlobalSection(SolutionProperties) = preSolution
		HideSolutionNode = FALSE
	EndGlobalSection
	GlobalSection(ExtensibilityGlobals) = postSolution
		SolutionGuid = {96370EAA-EAD1-41FC-8136-94909989FA09}
	EndGlobalSection
EndGlobal
