
Microsoft Visual Studio Solution File, Format Version 12.00
# Visual Studio Version 16
VisualStudioVersion = 16.0.31605.320
MinimumVisualStudioVersion = 10.0.40219.1
Project("{FAE04EC0-301F-11D3-BF4B-00C04F79EFBC}") = "Sets and Dictionaries Advanced - Exercise", "Sets and Dictionaries Advanced - Exercise\Sets and Dictionaries Advanced - Exercise.csproj", "{8C14F961-C7D4-4268-9C4E-4057AEAF4E5C}"
EndProject
Global
	GlobalSection(SolutionConfigurationPlatforms) = preSolution
		Debug|Any CPU = Debug|Any CPU
		Release|Any CPU = Release|Any CPU
	EndGlobalSection
	GlobalSection(ProjectConfigurationPlatforms) = postSolution
		{8C14F961-C7D4-4268-9C4E-4057AEAF4E5C}.Debug|Any CPU.ActiveCfg = Debug|Any CPU
		{8C14F961-C7D4-4268-9C4E-4057AEAF4E5C}.Debug|Any CPU.Build.0 = Debug|Any CPU
		{8C14F961-C7D4-4268-9C4E-4057AEAF4E5C}.Release|Any CPU.ActiveCfg = Release|Any CPU
		{8C14F961-C7D4-4268-9C4E-4057AEAF4E5C}.Release|Any CPU.Build.0 = Release|Any CPU
	EndGlobalSection
	GlobalSection(SolutionProperties) = preSolution
		HideSolutionNode = FALSE
	EndGlobalSection
	GlobalSection(ExtensibilityGlobals) = postSolution
		SolutionGuid = {992A53F4-837A-44AB-8877-C1960652BBBD}
	EndGlobalSection
EndGlobal
