
Microsoft Visual Studio Solution File, Format Version 12.00
# Visual Studio Version 16
VisualStudioVersion = 16.0.31605.320
MinimumVisualStudioVersion = 10.0.40219.1
Project("{FAE04EC0-301F-11D3-BF4B-00C04F79EFBC}") = "Defining Classes - Lab", "Defining Classes - Lab\Defining Classes - Lab.csproj", "{0E6B1B9B-05C6-4910-A907-8041A7F3F746}"
EndProject
Global
	GlobalSection(SolutionConfigurationPlatforms) = preSolution
		Debug|Any CPU = Debug|Any CPU
		Release|Any CPU = Release|Any CPU
	EndGlobalSection
	GlobalSection(ProjectConfigurationPlatforms) = postSolution
		{0E6B1B9B-05C6-4910-A907-8041A7F3F746}.Debug|Any CPU.ActiveCfg = Debug|Any CPU
		{0E6B1B9B-05C6-4910-A907-8041A7F3F746}.Debug|Any CPU.Build.0 = Debug|Any CPU
		{0E6B1B9B-05C6-4910-A907-8041A7F3F746}.Release|Any CPU.ActiveCfg = Release|Any CPU
		{0E6B1B9B-05C6-4910-A907-8041A7F3F746}.Release|Any CPU.Build.0 = Release|Any CPU
	EndGlobalSection
	GlobalSection(SolutionProperties) = preSolution
		HideSolutionNode = FALSE
	EndGlobalSection
	GlobalSection(ExtensibilityGlobals) = postSolution
		SolutionGuid = {89B7B4A4-0F58-4C25-A3C8-359C942CD652}
	EndGlobalSection
EndGlobal
