
Microsoft Visual Studio Solution File, Format Version 12.00
# Visual Studio Version 16
VisualStudioVersion = 16.0.30804.86
MinimumVisualStudioVersion = 10.0.40219.1
Project("{FAE04EC0-301F-11D3-BF4B-00C04F79EFBC}") = "Associative Arrays - Lab", "Associative Arrays - Lab\Associative Arrays - Lab.csproj", "{A2ABD67F-C609-4D59-A0A0-5BEBD0B2D2E1}"
EndProject
Global
	GlobalSection(SolutionConfigurationPlatforms) = preSolution
		Debug|Any CPU = Debug|Any CPU
		Release|Any CPU = Release|Any CPU
	EndGlobalSection
	GlobalSection(ProjectConfigurationPlatforms) = postSolution
		{A2ABD67F-C609-4D59-A0A0-5BEBD0B2D2E1}.Debug|Any CPU.ActiveCfg = Debug|Any CPU
		{A2ABD67F-C609-4D59-A0A0-5BEBD0B2D2E1}.Debug|Any CPU.Build.0 = Debug|Any CPU
		{A2ABD67F-C609-4D59-A0A0-5BEBD0B2D2E1}.Release|Any CPU.ActiveCfg = Release|Any CPU
		{A2ABD67F-C609-4D59-A0A0-5BEBD0B2D2E1}.Release|Any CPU.Build.0 = Release|Any CPU
	EndGlobalSection
	GlobalSection(SolutionProperties) = preSolution
		HideSolutionNode = FALSE
	EndGlobalSection
	GlobalSection(ExtensibilityGlobals) = postSolution
		SolutionGuid = {6F371362-95EC-45DF-B302-06CB3BF634B1}
	EndGlobalSection
EndGlobal
