
Microsoft Visual Studio Solution File, Format Version 12.00
# Visual Studio Version 16
VisualStudioVersion = 16.0.31605.320
MinimumVisualStudioVersion = 10.0.40219.1
Project("{FAE04EC0-301F-11D3-BF4B-00C04F79EFBC}") = "Guild", "CAdvancedExam4\Guild.csproj", "{6B8AC6D0-A8B3-4E9F-8854-1BB364C2CD80}"
EndProject
Global
	GlobalSection(SolutionConfigurationPlatforms) = preSolution
		Debug|Any CPU = Debug|Any CPU
		Release|Any CPU = Release|Any CPU
	EndGlobalSection
	GlobalSection(ProjectConfigurationPlatforms) = postSolution
		{6B8AC6D0-A8B3-4E9F-8854-1BB364C2CD80}.Debug|Any CPU.ActiveCfg = Debug|Any CPU
		{6B8AC6D0-A8B3-4E9F-8854-1BB364C2CD80}.Debug|Any CPU.Build.0 = Debug|Any CPU
		{6B8AC6D0-A8B3-4E9F-8854-1BB364C2CD80}.Release|Any CPU.ActiveCfg = Release|Any CPU
		{6B8AC6D0-A8B3-4E9F-8854-1BB364C2CD80}.Release|Any CPU.Build.0 = Release|Any CPU
	EndGlobalSection
	GlobalSection(SolutionProperties) = preSolution
		HideSolutionNode = FALSE
	EndGlobalSection
	GlobalSection(ExtensibilityGlobals) = postSolution
		SolutionGuid = {F0A16129-760D-4E60-B833-4231C365CEBB}
	EndGlobalSection
EndGlobal
