
Microsoft Visual Studio Solution File, Format Version 12.00
# Visual Studio Version 16
VisualStudioVersion = 16.0.31605.320
MinimumVisualStudioVersion = 10.0.40219.1
Project("{FAE04EC0-301F-11D3-BF4B-00C04F79EFBC}") = "01. Programming Fundamentals Final Exam Retake", "01. Programming Fundamentals Final Exam Retake\01. Programming Fundamentals Final Exam Retake.csproj", "{CAEDCDDE-9828-44E8-A5ED-44D2A335160D}"
EndProject
Global
	GlobalSection(SolutionConfigurationPlatforms) = preSolution
		Debug|Any CPU = Debug|Any CPU
		Release|Any CPU = Release|Any CPU
	EndGlobalSection
	GlobalSection(ProjectConfigurationPlatforms) = postSolution
		{CAEDCDDE-9828-44E8-A5ED-44D2A335160D}.Debug|Any CPU.ActiveCfg = Debug|Any CPU
		{CAEDCDDE-9828-44E8-A5ED-44D2A335160D}.Debug|Any CPU.Build.0 = Debug|Any CPU
		{CAEDCDDE-9828-44E8-A5ED-44D2A335160D}.Release|Any CPU.ActiveCfg = Release|Any CPU
		{CAEDCDDE-9828-44E8-A5ED-44D2A335160D}.Release|Any CPU.Build.0 = Release|Any CPU
	EndGlobalSection
	GlobalSection(SolutionProperties) = preSolution
		HideSolutionNode = FALSE
	EndGlobalSection
	GlobalSection(ExtensibilityGlobals) = postSolution
		SolutionGuid = {786C0610-5E1A-4A2D-91B8-7E6079875923}
	EndGlobalSection
EndGlobal
