
Microsoft Visual Studio Solution File, Format Version 12.00
# Visual Studio Version 16
VisualStudioVersion = 16.0.31605.320
MinimumVisualStudioVersion = 10.0.40219.1
Project("{FAE04EC0-301F-11D3-BF4B-00C04F79EFBC}") = "Multidimensional Arrays - Exercise", "Multidimensional Arrays - Exercise\Multidimensional Arrays - Exercise.csproj", "{9795DD81-292D-457D-9929-58C21F504D90}"
EndProject
Global
	GlobalSection(SolutionConfigurationPlatforms) = preSolution
		Debug|Any CPU = Debug|Any CPU
		Release|Any CPU = Release|Any CPU
	EndGlobalSection
	GlobalSection(ProjectConfigurationPlatforms) = postSolution
		{9795DD81-292D-457D-9929-58C21F504D90}.Debug|Any CPU.ActiveCfg = Debug|Any CPU
		{9795DD81-292D-457D-9929-58C21F504D90}.Debug|Any CPU.Build.0 = Debug|Any CPU
		{9795DD81-292D-457D-9929-58C21F504D90}.Release|Any CPU.ActiveCfg = Release|Any CPU
		{9795DD81-292D-457D-9929-58C21F504D90}.Release|Any CPU.Build.0 = Release|Any CPU
	EndGlobalSection
	GlobalSection(SolutionProperties) = preSolution
		HideSolutionNode = FALSE
	EndGlobalSection
	GlobalSection(ExtensibilityGlobals) = postSolution
		SolutionGuid = {FB04B2A7-C039-4E32-9AC1-428BE7F364C0}
	EndGlobalSection
EndGlobal
