
Microsoft Visual Studio Solution File, Format Version 12.00
# Visual Studio Version 16
VisualStudioVersion = 16.0.31605.320
MinimumVisualStudioVersion = 10.0.40219.1
Project("{FAE04EC0-301F-11D3-BF4B-00C04F79EFBC}") = "Multidimensional Arrays - Lab", "Multidimensional Arrays - Lab\Multidimensional Arrays - Lab.csproj", "{0B5CDB6F-B1CD-445D-88DE-1FEBC1FDDB6D}"
EndProject
Global
	GlobalSection(SolutionConfigurationPlatforms) = preSolution
		Debug|Any CPU = Debug|Any CPU
		Release|Any CPU = Release|Any CPU
	EndGlobalSection
	GlobalSection(ProjectConfigurationPlatforms) = postSolution
		{0B5CDB6F-B1CD-445D-88DE-1FEBC1FDDB6D}.Debug|Any CPU.ActiveCfg = Debug|Any CPU
		{0B5CDB6F-B1CD-445D-88DE-1FEBC1FDDB6D}.Debug|Any CPU.Build.0 = Debug|Any CPU
		{0B5CDB6F-B1CD-445D-88DE-1FEBC1FDDB6D}.Release|Any CPU.ActiveCfg = Release|Any CPU
		{0B5CDB6F-B1CD-445D-88DE-1FEBC1FDDB6D}.Release|Any CPU.Build.0 = Release|Any CPU
	EndGlobalSection
	GlobalSection(SolutionProperties) = preSolution
		HideSolutionNode = FALSE
	EndGlobalSection
	GlobalSection(ExtensibilityGlobals) = postSolution
		SolutionGuid = {F6DADBE5-1597-4493-A2DB-58BC9DCA92B0}
	EndGlobalSection
EndGlobal
