
Microsoft Visual Studio Solution File, Format Version 12.00
# Visual Studio Version 16
VisualStudioVersion = 16.0.30804.86
MinimumVisualStudioVersion = 10.0.40219.1
Project("{FAE04EC0-301F-11D3-BF4B-00C04F79EFBC}") = "Regular Expressions - Lab", "Regular Expressions - Lab\Regular Expressions - Lab.csproj", "{94D425D3-0D71-4FC2-B7EB-BAC60BB9A3EF}"
EndProject
Global
	GlobalSection(SolutionConfigurationPlatforms) = preSolution
		Debug|Any CPU = Debug|Any CPU
		Release|Any CPU = Release|Any CPU
	EndGlobalSection
	GlobalSection(ProjectConfigurationPlatforms) = postSolution
		{94D425D3-0D71-4FC2-B7EB-BAC60BB9A3EF}.Debug|Any CPU.ActiveCfg = Debug|Any CPU
		{94D425D3-0D71-4FC2-B7EB-BAC60BB9A3EF}.Debug|Any CPU.Build.0 = Debug|Any CPU
		{94D425D3-0D71-4FC2-B7EB-BAC60BB9A3EF}.Release|Any CPU.ActiveCfg = Release|Any CPU
		{94D425D3-0D71-4FC2-B7EB-BAC60BB9A3EF}.Release|Any CPU.Build.0 = Release|Any CPU
	EndGlobalSection
	GlobalSection(SolutionProperties) = preSolution
		HideSolutionNode = FALSE
	EndGlobalSection
	GlobalSection(ExtensibilityGlobals) = postSolution
		SolutionGuid = {54AC7216-6757-49B9-BD04-9F291A417250}
	EndGlobalSection
EndGlobal
