
Microsoft Visual Studio Solution File, Format Version 12.00
# Visual Studio Version 16
VisualStudioVersion = 16.0.30804.86
MinimumVisualStudioVersion = 10.0.40219.1
Project("{FAE04EC0-301F-11D3-BF4B-00C04F79EFBC}") = "04. Programming Fundamentals Mid Exam", "04. Programming Fundamentals Mid Exam\04. Programming Fundamentals Mid Exam.csproj", "{97B85314-EBB1-4711-BBEF-EC0C58D0FB1C}"
EndProject
Global
	GlobalSection(SolutionConfigurationPlatforms) = preSolution
		Debug|Any CPU = Debug|Any CPU
		Release|Any CPU = Release|Any CPU
	EndGlobalSection
	GlobalSection(ProjectConfigurationPlatforms) = postSolution
		{97B85314-EBB1-4711-BBEF-EC0C58D0FB1C}.Debug|Any CPU.ActiveCfg = Debug|Any CPU
		{97B85314-EBB1-4711-BBEF-EC0C58D0FB1C}.Debug|Any CPU.Build.0 = Debug|Any CPU
		{97B85314-EBB1-4711-BBEF-EC0C58D0FB1C}.Release|Any CPU.ActiveCfg = Release|Any CPU
		{97B85314-EBB1-4711-BBEF-EC0C58D0FB1C}.Release|Any CPU.Build.0 = Release|Any CPU
	EndGlobalSection
	GlobalSection(SolutionProperties) = preSolution
		HideSolutionNode = FALSE
	EndGlobalSection
	GlobalSection(ExtensibilityGlobals) = postSolution
		SolutionGuid = {58E7508C-7D6B-47CD-8CC3-2FCC22AC73B4}
	EndGlobalSection
EndGlobal
