
Microsoft Visual Studio Solution File, Format Version 12.00
# Visual Studio Version 16
VisualStudioVersion = 16.0.30804.86
MinimumVisualStudioVersion = 10.0.40219.1
Project("{FAE04EC0-301F-11D3-BF4B-00C04F79EFBC}") = "02. Programming Fundamentals Mid Exam", "02. Programming Fundamentals Mid Exam\02. Programming Fundamentals Mid Exam.csproj", "{DBEAA834-B2CA-4B3C-AF0F-EF80BD440E51}"
EndProject
Global
	GlobalSection(SolutionConfigurationPlatforms) = preSolution
		Debug|Any CPU = Debug|Any CPU
		Release|Any CPU = Release|Any CPU
	EndGlobalSection
	GlobalSection(ProjectConfigurationPlatforms) = postSolution
		{DBEAA834-B2CA-4B3C-AF0F-EF80BD440E51}.Debug|Any CPU.ActiveCfg = Debug|Any CPU
		{DBEAA834-B2CA-4B3C-AF0F-EF80BD440E51}.Debug|Any CPU.Build.0 = Debug|Any CPU
		{DBEAA834-B2CA-4B3C-AF0F-EF80BD440E51}.Release|Any CPU.ActiveCfg = Release|Any CPU
		{DBEAA834-B2CA-4B3C-AF0F-EF80BD440E51}.Release|Any CPU.Build.0 = Release|Any CPU
	EndGlobalSection
	GlobalSection(SolutionProperties) = preSolution
		HideSolutionNode = FALSE
	EndGlobalSection
	GlobalSection(ExtensibilityGlobals) = postSolution
		SolutionGuid = {1A94F348-E804-4DCC-B076-2405BEB5FEA1}
	EndGlobalSection
EndGlobal
